
Microsoft Visual Studio Solution File, Format Version 12.00
# Visual Studio Version 16
VisualStudioVersion = 16.0.29411.108
MinimumVisualStudioVersion = 10.0.40219.1
Project("{9A19103F-16F7-4668-BE54-9A1E7A4F7556}") = "Pharmacy", "Pharmacy\Pharmacy.csproj", "{ED7974EE-1EB1-4609-AD13-5395A00BF366}"
EndProject
Project("{9A19103F-16F7-4668-BE54-9A1E7A4F7556}") = "Pharmacy.ActiveRecord", "Pharmacy.Repo\Pharmacy.ActiveRecord.csproj", "{2C8C5589-2D91-4F0D-89D4-BB0BC17D5D9D}"
EndProject
Project("{9A19103F-16F7-4668-BE54-9A1E7A4F7556}") = "Pharmacy.Service", "Pharmacy.Service\Pharmacy.Service.csproj", "{F1C866AF-D708-40BC-B4AE-9CB1FCB110BB}"
EndProject
Global
	GlobalSection(SolutionConfigurationPlatforms) = preSolution
		Debug|Any CPU = Debug|Any CPU
		Release|Any CPU = Release|Any CPU
	EndGlobalSection
	GlobalSection(ProjectConfigurationPlatforms) = postSolution
		{ED7974EE-1EB1-4609-AD13-5395A00BF366}.Debug|Any CPU.ActiveCfg = Debug|Any CPU
		{ED7974EE-1EB1-4609-AD13-5395A00BF366}.Debug|Any CPU.Build.0 = Debug|Any CPU
		{ED7974EE-1EB1-4609-AD13-5395A00BF366}.Release|Any CPU.ActiveCfg = Release|Any CPU
		{ED7974EE-1EB1-4609-AD13-5395A00BF366}.Release|Any CPU.Build.0 = Release|Any CPU
		{2C8C5589-2D91-4F0D-89D4-BB0BC17D5D9D}.Debug|Any CPU.ActiveCfg = Debug|Any CPU
		{2C8C5589-2D91-4F0D-89D4-BB0BC17D5D9D}.Debug|Any CPU.Build.0 = Debug|Any CPU
		{2C8C5589-2D91-4F0D-89D4-BB0BC17D5D9D}.Release|Any CPU.ActiveCfg = Release|Any CPU
		{2C8C5589-2D91-4F0D-89D4-BB0BC17D5D9D}.Release|Any CPU.Build.0 = Release|Any CPU
		{F1C866AF-D708-40BC-B4AE-9CB1FCB110BB}.Debug|Any CPU.ActiveCfg = Debug|Any CPU
		{F1C866AF-D708-40BC-B4AE-9CB1FCB110BB}.Debug|Any CPU.Build.0 = Debug|Any CPU
		{F1C866AF-D708-40BC-B4AE-9CB1FCB110BB}.Release|Any CPU.ActiveCfg = Release|Any CPU
		{F1C866AF-D708-40BC-B4AE-9CB1FCB110BB}.Release|Any CPU.Build.0 = Release|Any CPU
	EndGlobalSection
	GlobalSection(SolutionProperties) = preSolution
		HideSolutionNode = FALSE
	EndGlobalSection
	GlobalSection(ExtensibilityGlobals) = postSolution
		SolutionGuid = {3E19FBF6-6D18-48C7-9A22-6EBFB22790A9}
	EndGlobalSection
EndGlobal
